
Microsoft Visual Studio Solution File, Format Version 12.00
# Visual Studio 2015
Project("{FAE04EC0-301F-11D3-BF4B-00C04F79EFBC}") = "ToolsProjectThreeRB", "ToolsProjectThreeRB.csproj", "{CE7F3949-7415-8747-B1D6-82D37C9753BE}"
EndProject
Global
	GlobalSection(SolutionConfigurationPlatforms) = preSolution
		Debug|Any CPU = Debug|Any CPU
		Release|Any CPU = Release|Any CPU
	EndGlobalSection
	GlobalSection(ProjectConfigurationPlatforms) = postSolution
		{CE7F3949-7415-8747-B1D6-82D37C9753BE}.Debug|Any CPU.ActiveCfg = Debug|Any CPU
		{CE7F3949-7415-8747-B1D6-82D37C9753BE}.Debug|Any CPU.Build.0 = Debug|Any CPU
		{CE7F3949-7415-8747-B1D6-82D37C9753BE}.Release|Any CPU.ActiveCfg = Release|Any CPU
		{CE7F3949-7415-8747-B1D6-82D37C9753BE}.Release|Any CPU.Build.0 = Release|Any CPU
	EndGlobalSection
	GlobalSection(SolutionProperties) = preSolution
		HideSolutionNode = FALSE
	EndGlobalSection
EndGlobal
